
Microsoft Visual Studio Solution File, Format Version 12.00
# Visual Studio Version 17
VisualStudioVersion = 17.5.002.0
MinimumVisualStudioVersion = 10.0.40219.1
Project("{9A19103F-16F7-4668-BE54-9A1E7A4F7556}") = "platformer", "platformer.csproj", "{F93748DD-3DE0-45D6-B77F-B17DA7B4FE68}"
EndProject
Global
	GlobalSection(SolutionConfigurationPlatforms) = preSolution
		Debug|Any CPU = Debug|Any CPU
		Release|Any CPU = Release|Any CPU
	EndGlobalSection
	GlobalSection(ProjectConfigurationPlatforms) = postSolution
		{F93748DD-3DE0-45D6-B77F-B17DA7B4FE68}.Debug|Any CPU.ActiveCfg = Debug|Any CPU
		{F93748DD-3DE0-45D6-B77F-B17DA7B4FE68}.Debug|Any CPU.Build.0 = Debug|Any CPU
		{F93748DD-3DE0-45D6-B77F-B17DA7B4FE68}.Release|Any CPU.ActiveCfg = Release|Any CPU
		{F93748DD-3DE0-45D6-B77F-B17DA7B4FE68}.Release|Any CPU.Build.0 = Release|Any CPU
	EndGlobalSection
	GlobalSection(SolutionProperties) = preSolution
		HideSolutionNode = FALSE
	EndGlobalSection
	GlobalSection(ExtensibilityGlobals) = postSolution
		SolutionGuid = {20F79BAB-6FB2-4C9E-BF52-E735EFDA53DA}
	EndGlobalSection
EndGlobal
